
Microsoft Visual Studio Solution File, Format Version 11.00
# Visual Studio 2010
Project("{FAE04EC0-301F-11D3-BF4B-00C04F79EFBC}") = "Assembly-CSharp", "Assembly-CSharp.csproj", "{e31de82b-8b99-750a-c76e-fc8d17d84d7e}"
EndProject
Project("{FAE04EC0-301F-11D3-BF4B-00C04F79EFBC}") = "Cyanilux.BlitRenderFeature", "Cyanilux.BlitRenderFeature.csproj", "{581c5c44-7ab4-db9e-ae41-c9143e81fc87}"
EndProject
Project("{FAE04EC0-301F-11D3-BF4B-00C04F79EFBC}") = "Assembly-CSharp-Editor", "Assembly-CSharp-Editor.csproj", "{5432b587-bf87-4632-3185-d70180e21685}"
EndProject
Project("{FAE04EC0-301F-11D3-BF4B-00C04F79EFBC}") = "Cyanilux.BlitRenderFeature.Editor", "Cyanilux.BlitRenderFeature.Editor.csproj", "{72c66d4f-3043-53fc-d6b1-2c1dc25e433d}"
EndProject
Global
	GlobalSection(SolutionConfigurationPlatforms) = preSolution
		Debug|Any CPU = Debug|Any CPU
	EndGlobalSection
	GlobalSection(ProjectConfigurationPlatforms) = postSolution
		{e31de82b-8b99-750a-c76e-fc8d17d84d7e}.Debug|Any CPU.ActiveCfg = Debug|Any CPU
		{e31de82b-8b99-750a-c76e-fc8d17d84d7e}.Debug|Any CPU.Build.0 = Debug|Any CPU
		{581c5c44-7ab4-db9e-ae41-c9143e81fc87}.Debug|Any CPU.ActiveCfg = Debug|Any CPU
		{581c5c44-7ab4-db9e-ae41-c9143e81fc87}.Debug|Any CPU.Build.0 = Debug|Any CPU
		{5432b587-bf87-4632-3185-d70180e21685}.Debug|Any CPU.ActiveCfg = Debug|Any CPU
		{5432b587-bf87-4632-3185-d70180e21685}.Debug|Any CPU.Build.0 = Debug|Any CPU
		{72c66d4f-3043-53fc-d6b1-2c1dc25e433d}.Debug|Any CPU.ActiveCfg = Debug|Any CPU
		{72c66d4f-3043-53fc-d6b1-2c1dc25e433d}.Debug|Any CPU.Build.0 = Debug|Any CPU
	EndGlobalSection
	GlobalSection(SolutionProperties) = preSolution
		HideSolutionNode = FALSE
	EndGlobalSection
EndGlobal
